
Microsoft Visual Studio Solution File, Format Version 12.00
# Visual Studio Version 17
VisualStudioVersion = 17.9.34728.123
MinimumVisualStudioVersion = 10.0.40219.1
Project("{FAE04EC0-301F-11D3-BF4B-00C04F79EFBC}") = "ChattingSystem", "ChattingSystem\ChattingSystem.csproj", "{526E7EB7-8970-4DAA-8069-8AA5DAAAED77}"
EndProject
Global
	GlobalSection(SolutionConfigurationPlatforms) = preSolution
		Debug|Any CPU = Debug|Any CPU
		Release|Any CPU = Release|Any CPU
	EndGlobalSection
	GlobalSection(ProjectConfigurationPlatforms) = postSolution
		{526E7EB7-8970-4DAA-8069-8AA5DAAAED77}.Debug|Any CPU.ActiveCfg = Debug|Any CPU
		{526E7EB7-8970-4DAA-8069-8AA5DAAAED77}.Debug|Any CPU.Build.0 = Debug|Any CPU
		{526E7EB7-8970-4DAA-8069-8AA5DAAAED77}.Release|Any CPU.ActiveCfg = Release|Any CPU
		{526E7EB7-8970-4DAA-8069-8AA5DAAAED77}.Release|Any CPU.Build.0 = Release|Any CPU
	EndGlobalSection
	GlobalSection(SolutionProperties) = preSolution
		HideSolutionNode = FALSE
	EndGlobalSection
	GlobalSection(ExtensibilityGlobals) = postSolution
		SolutionGuid = {03491188-7A92-4830-9993-E923C804A4BD}
	EndGlobalSection
EndGlobal
